
Microsoft Visual Studio Solution File, Format Version 12.00
# Visual Studio Version 17
VisualStudioVersion = 17.4.33213.308
MinimumVisualStudioVersion = 10.0.40219.1
Project("{FAE04EC0-301F-11D3-BF4B-00C04F79EFBC}") = "FoodApplication", "FoodApplication\FoodApplication.csproj", "{D3D1CCF0-C1F6-41C6-8090-9D2E663F37C5}"
EndProject
Global
	GlobalSection(SolutionConfigurationPlatforms) = preSolution
		Debug|Any CPU = Debug|Any CPU
		Release|Any CPU = Release|Any CPU
	EndGlobalSection
	GlobalSection(ProjectConfigurationPlatforms) = postSolution
		{D3D1CCF0-C1F6-41C6-8090-9D2E663F37C5}.Debug|Any CPU.ActiveCfg = Debug|Any CPU
		{D3D1CCF0-C1F6-41C6-8090-9D2E663F37C5}.Debug|Any CPU.Build.0 = Debug|Any CPU
		{D3D1CCF0-C1F6-41C6-8090-9D2E663F37C5}.Release|Any CPU.ActiveCfg = Release|Any CPU
		{D3D1CCF0-C1F6-41C6-8090-9D2E663F37C5}.Release|Any CPU.Build.0 = Release|Any CPU
	EndGlobalSection
	GlobalSection(SolutionProperties) = preSolution
		HideSolutionNode = FALSE
	EndGlobalSection
	GlobalSection(ExtensibilityGlobals) = postSolution
		SolutionGuid = {64504DD5-E4DF-4D41-959F-87B3C251CD67}
	EndGlobalSection
EndGlobal
